
Microsoft Visual Studio Solution File, Format Version 12.00
# Visual Studio Version 17
VisualStudioVersion = 17.1.32210.238
MinimumVisualStudioVersion = 10.0.40219.1
Project("{FAE04EC0-301F-11D3-BF4B-00C04F79EFBC}") = "OracleConnector", "OracleConnector\OracleConnector.csproj", "{452B4EA1-98EF-46E6-AF6B-F5C47FB79399}"
EndProject
Global
	GlobalSection(SolutionConfigurationPlatforms) = preSolution
		Debug|Any CPU = Debug|Any CPU
		Release|Any CPU = Release|Any CPU
	EndGlobalSection
	GlobalSection(ProjectConfigurationPlatforms) = postSolution
		{452B4EA1-98EF-46E6-AF6B-F5C47FB79399}.Debug|Any CPU.ActiveCfg = Debug|Any CPU
		{452B4EA1-98EF-46E6-AF6B-F5C47FB79399}.Debug|Any CPU.Build.0 = Debug|Any CPU
		{452B4EA1-98EF-46E6-AF6B-F5C47FB79399}.Release|Any CPU.ActiveCfg = Release|Any CPU
		{452B4EA1-98EF-46E6-AF6B-F5C47FB79399}.Release|Any CPU.Build.0 = Release|Any CPU
	EndGlobalSection
	GlobalSection(SolutionProperties) = preSolution
		HideSolutionNode = FALSE
	EndGlobalSection
	GlobalSection(ExtensibilityGlobals) = postSolution
		SolutionGuid = {C08DF899-6AB3-4AC9-B0E4-DA1F3D84B2A1}
	EndGlobalSection
EndGlobal
